
Microsoft Visual Studio Solution File, Format Version 12.00
# Visual Studio Version 17
VisualStudioVersion = 17.2.32630.192
MinimumVisualStudioVersion = 10.0.40219.1
Project("{FAE04EC0-301F-11D3-BF4B-00C04F79EFBC}") = "QuotesApplication_01_ICommmand.Android", "QuotesApplication_01_ICommmand\QuotesApplication_01_ICommmand.Android\QuotesApplication_01_ICommmand.Android.csproj", "{6B011968-D2E9-477E-BA02-86E1942FC4D6}"
EndProject
Project("{FAE04EC0-301F-11D3-BF4B-00C04F79EFBC}") = "QuotesApplication_01_ICommmand.iOS", "QuotesApplication_01_ICommmand\QuotesApplication_01_ICommmand.iOS\QuotesApplication_01_ICommmand.iOS.csproj", "{1FCC85FF-7F45-4551-BFCC-BAB5A10BCA5F}"
EndProject
Project("{FAE04EC0-301F-11D3-BF4B-00C04F79EFBC}") = "QuotesApplication_01_ICommmand", "QuotesApplication_01_ICommmand\QuotesApplication_01_ICommmand\QuotesApplication_01_ICommmand.csproj", "{2356F32E-A26B-4B9D-AA40-6B22529A82CE}"
EndProject
Global
	GlobalSection(SolutionConfigurationPlatforms) = preSolution
		Debug|Any CPU = Debug|Any CPU
		Debug|iPhone = Debug|iPhone
		Debug|iPhoneSimulator = Debug|iPhoneSimulator
		Release|Any CPU = Release|Any CPU
		Release|iPhone = Release|iPhone
		Release|iPhoneSimulator = Release|iPhoneSimulator
	EndGlobalSection
	GlobalSection(ProjectConfigurationPlatforms) = postSolution
		{6B011968-D2E9-477E-BA02-86E1942FC4D6}.Debug|Any CPU.ActiveCfg = Debug|Any CPU
		{6B011968-D2E9-477E-BA02-86E1942FC4D6}.Debug|Any CPU.Build.0 = Debug|Any CPU
		{6B011968-D2E9-477E-BA02-86E1942FC4D6}.Debug|Any CPU.Deploy.0 = Debug|Any CPU
		{6B011968-D2E9-477E-BA02-86E1942FC4D6}.Debug|iPhone.ActiveCfg = Debug|Any CPU
		{6B011968-D2E9-477E-BA02-86E1942FC4D6}.Debug|iPhone.Build.0 = Debug|Any CPU
		{6B011968-D2E9-477E-BA02-86E1942FC4D6}.Debug|iPhone.Deploy.0 = Debug|Any CPU
		{6B011968-D2E9-477E-BA02-86E1942FC4D6}.Debug|iPhoneSimulator.ActiveCfg = Debug|Any CPU
		{6B011968-D2E9-477E-BA02-86E1942FC4D6}.Debug|iPhoneSimulator.Build.0 = Debug|Any CPU
		{6B011968-D2E9-477E-BA02-86E1942FC4D6}.Debug|iPhoneSimulator.Deploy.0 = Debug|Any CPU
		{6B011968-D2E9-477E-BA02-86E1942FC4D6}.Release|Any CPU.ActiveCfg = Release|Any CPU
		{6B011968-D2E9-477E-BA02-86E1942FC4D6}.Release|Any CPU.Build.0 = Release|Any CPU
		{6B011968-D2E9-477E-BA02-86E1942FC4D6}.Release|Any CPU.Deploy.0 = Release|Any CPU
		{6B011968-D2E9-477E-BA02-86E1942FC4D6}.Release|iPhone.ActiveCfg = Release|Any CPU
		{6B011968-D2E9-477E-BA02-86E1942FC4D6}.Release|iPhone.Build.0 = Release|Any CPU
		{6B011968-D2E9-477E-BA02-86E1942FC4D6}.Release|iPhone.Deploy.0 = Release|Any CPU
		{6B011968-D2E9-477E-BA02-86E1942FC4D6}.Release|iPhoneSimulator.ActiveCfg = Release|Any CPU
		{6B011968-D2E9-477E-BA02-86E1942FC4D6}.Release|iPhoneSimulator.Build.0 = Release|Any CPU
		{6B011968-D2E9-477E-BA02-86E1942FC4D6}.Release|iPhoneSimulator.Deploy.0 = Release|Any CPU
		{1FCC85FF-7F45-4551-BFCC-BAB5A10BCA5F}.Debug|Any CPU.ActiveCfg = Debug|iPhone
		{1FCC85FF-7F45-4551-BFCC-BAB5A10BCA5F}.Debug|Any CPU.Build.0 = Debug|iPhone
		{1FCC85FF-7F45-4551-BFCC-BAB5A10BCA5F}.Debug|Any CPU.Deploy.0 = Debug|iPhone
		{1FCC85FF-7F45-4551-BFCC-BAB5A10BCA5F}.Debug|iPhone.ActiveCfg = Debug|iPhone
		{1FCC85FF-7F45-4551-BFCC-BAB5A10BCA5F}.Debug|iPhone.Build.0 = Debug|iPhone
		{1FCC85FF-7F45-4551-BFCC-BAB5A10BCA5F}.Debug|iPhone.Deploy.0 = Debug|iPhone
		{1FCC85FF-7F45-4551-BFCC-BAB5A10BCA5F}.Debug|iPhoneSimulator.ActiveCfg = Debug|iPhoneSimulator
		{1FCC85FF-7F45-4551-BFCC-BAB5A10BCA5F}.Debug|iPhoneSimulator.Build.0 = Debug|iPhoneSimulator
		{1FCC85FF-7F45-4551-BFCC-BAB5A10BCA5F}.Debug|iPhoneSimulator.Deploy.0 = Debug|iPhoneSimulator
		{1FCC85FF-7F45-4551-BFCC-BAB5A10BCA5F}.Release|Any CPU.ActiveCfg = Release|iPhoneSimulator
		{1FCC85FF-7F45-4551-BFCC-BAB5A10BCA5F}.Release|Any CPU.Build.0 = Release|iPhoneSimulator
		{1FCC85FF-7F45-4551-BFCC-BAB5A10BCA5F}.Release|Any CPU.Deploy.0 = Release|iPhoneSimulator
		{1FCC85FF-7F45-4551-BFCC-BAB5A10BCA5F}.Release|iPhone.ActiveCfg = Release|iPhone
		{1FCC85FF-7F45-4551-BFCC-BAB5A10BCA5F}.Release|iPhone.Build.0 = Release|iPhone
		{1FCC85FF-7F45-4551-BFCC-BAB5A10BCA5F}.Release|iPhone.Deploy.0 = Release|iPhone
		{1FCC85FF-7F45-4551-BFCC-BAB5A10BCA5F}.Release|iPhoneSimulator.ActiveCfg = Release|iPhoneSimulator
		{1FCC85FF-7F45-4551-BFCC-BAB5A10BCA5F}.Release|iPhoneSimulator.Build.0 = Release|iPhoneSimulator
		{1FCC85FF-7F45-4551-BFCC-BAB5A10BCA5F}.Release|iPhoneSimulator.Deploy.0 = Release|iPhoneSimulator
		{2356F32E-A26B-4B9D-AA40-6B22529A82CE}.Debug|Any CPU.ActiveCfg = Debug|Any CPU
		{2356F32E-A26B-4B9D-AA40-6B22529A82CE}.Debug|Any CPU.Build.0 = Debug|Any CPU
		{2356F32E-A26B-4B9D-AA40-6B22529A82CE}.Debug|Any CPU.Deploy.0 = Debug|Any CPU
		{2356F32E-A26B-4B9D-AA40-6B22529A82CE}.Debug|iPhone.ActiveCfg = Debug|Any CPU
		{2356F32E-A26B-4B9D-AA40-6B22529A82CE}.Debug|iPhone.Build.0 = Debug|Any CPU
		{2356F32E-A26B-4B9D-AA40-6B22529A82CE}.Debug|iPhone.Deploy.0 = Debug|Any CPU
		{2356F32E-A26B-4B9D-AA40-6B22529A82CE}.Debug|iPhoneSimulator.ActiveCfg = Debug|Any CPU
		{2356F32E-A26B-4B9D-AA40-6B22529A82CE}.Debug|iPhoneSimulator.Build.0 = Debug|Any CPU
		{2356F32E-A26B-4B9D-AA40-6B22529A82CE}.Debug|iPhoneSimulator.Deploy.0 = Debug|Any CPU
		{2356F32E-A26B-4B9D-AA40-6B22529A82CE}.Release|Any CPU.ActiveCfg = Release|Any CPU
		{2356F32E-A26B-4B9D-AA40-6B22529A82CE}.Release|Any CPU.Build.0 = Release|Any CPU
		{2356F32E-A26B-4B9D-AA40-6B22529A82CE}.Release|Any CPU.Deploy.0 = Release|Any CPU
		{2356F32E-A26B-4B9D-AA40-6B22529A82CE}.Release|iPhone.ActiveCfg = Release|Any CPU
		{2356F32E-A26B-4B9D-AA40-6B22529A82CE}.Release|iPhone.Build.0 = Release|Any CPU
		{2356F32E-A26B-4B9D-AA40-6B22529A82CE}.Release|iPhone.Deploy.0 = Release|Any CPU
		{2356F32E-A26B-4B9D-AA40-6B22529A82CE}.Release|iPhoneSimulator.ActiveCfg = Release|Any CPU
		{2356F32E-A26B-4B9D-AA40-6B22529A82CE}.Release|iPhoneSimulator.Build.0 = Release|Any CPU
		{2356F32E-A26B-4B9D-AA40-6B22529A82CE}.Release|iPhoneSimulator.Deploy.0 = Release|Any CPU
	EndGlobalSection
	GlobalSection(SolutionProperties) = preSolution
		HideSolutionNode = FALSE
	EndGlobalSection
	GlobalSection(ExtensibilityGlobals) = postSolution
		SolutionGuid = {5D046A7B-237F-4A55-8553-E1961B2E728E}
	EndGlobalSection
EndGlobal
